
Microsoft Visual Studio Solution File, Format Version 12.00
# Visual Studio 2012
Project("{2150E333-8FDC-42A3-9474-1A3956D46DE8}") = "lib", "lib", "{A26091BC-17A1-4770-AD1C-8B2EB2F04FF8}"
EndProject
Project("{D954291E-2A0B-460D-934E-DC6B0785DB48}") = "Sitecore.MobileSDK.MockObjects.Shared", "..\test\Portable\SitecoreMobileSDK-MockObjects-Shared\Sitecore.MobileSDK.MockObjects.Shared.shproj", "{8007ADBC-4501-447F-BE99-E628A481BB3F}"
EndProject
Project("{2150E333-8FDC-42A3-9474-1A3956D46DE8}") = "Unit Test", "Unit Test", "{401EE823-ED79-453F-B39D-6CE07492C811}"
EndProject
Project("{D954291E-2A0B-460D-934E-DC6B0785DB48}") = "MobileSDK-UnitTest", "..\test\Portable\MobileSDK-UnitTest\MobileSDK-UnitTest.shproj", "{8A52A2A6-20A1-42BD-B586-242F77089B1D}"
EndProject
Project("{FAE04EC0-301F-11D3-BF4B-00C04F79EFBC}") = "MobileSDK-UnitTest-iOS-Unified", "..\test\iOS\MobileSDK-UnitTest-iOS-Unified\MobileSDK-UnitTest-iOS-Unified.csproj", "{014138C6-8396-460C-8D8C-5FCEB5FD83E5}"
EndProject
Project("{2150E333-8FDC-42A3-9474-1A3956D46DE8}") = "Integration Test", "Integration Test", "{E0E03E8E-2782-4217-9146-5A706CB30487}"
EndProject
Project("{D954291E-2A0B-460D-934E-DC6B0785DB48}") = "MobileSDK-IntegrationTest", "..\test\Portable\MobileSDK-IntegrationTest\MobileSDK-IntegrationTest.shproj", "{2B6EF2C4-3AE1-414B-8833-3A0D25A0AFB0}"
EndProject
Project("{FAE04EC0-301F-11D3-BF4B-00C04F79EFBC}") = "MobileSDK-IntegrationTest-iOS-Unified", "..\test\iOS\MobileSDK-IntegrationTest-iOS-Unified\MobileSDK-IntegrationTest-iOS-Unified.csproj", "{36B3E8FB-1C45-4EB6-9D5F-11A034FE1A64}"
EndProject
Project("{D954291E-2A0B-460D-934E-DC6B0785DB48}") = "Sitecore.MobileSDK.SSC.Shared", "..\lib\Sitecore.MobileSDK.SSC.Shared\Sitecore.MobileSDK.SSC.Shared.shproj", "{A435C46E-4A3D-454D-8E84-720FF9456CAD}"
EndProject
Project("{FAE04EC0-301F-11D3-BF4B-00C04F79EFBC}") = "Sitecore.MobileSDK.SSC.NetStandard", "..\lib\Sitecore.MobileSDK.SSC.NetStandard\Sitecore.MobileSDK.SSC.NetStandard.csproj", "{A54FA70B-5C19-4314-900D-D69B4E7E68C0}"
EndProject
Project("{FAE04EC0-301F-11D3-BF4B-00C04F79EFBC}") = "Sitecore.MobileSDK.MockObjects", "..\test\Portable\SitecoreMobileSDK-MockObjects\Sitecore.MobileSDK.MockObjects.csproj", "{C3EAB075-1ACC-4641-A0BF-C75F5D6CF99B}"
EndProject
Global
	GlobalSection(SolutionConfigurationPlatforms) = preSolution
		Ad-Hoc|iPhone = Ad-Hoc|iPhone
		Ad-Hoc|iPhoneSimulator = Ad-Hoc|iPhoneSimulator
		AppStore|iPhone = AppStore|iPhone
		AppStore|iPhoneSimulator = AppStore|iPhoneSimulator
		Debug|iPhone = Debug|iPhone
		Debug|iPhoneSimulator = Debug|iPhoneSimulator
		Release|iPhone = Release|iPhone
		Release|iPhoneSimulator = Release|iPhoneSimulator
	EndGlobalSection
	GlobalSection(ProjectConfigurationPlatforms) = postSolution
		{014138C6-8396-460C-8D8C-5FCEB5FD83E5}.Ad-Hoc|iPhone.ActiveCfg = Ad-Hoc|iPhone
		{014138C6-8396-460C-8D8C-5FCEB5FD83E5}.Ad-Hoc|iPhone.Build.0 = Ad-Hoc|iPhone
		{014138C6-8396-460C-8D8C-5FCEB5FD83E5}.Ad-Hoc|iPhoneSimulator.ActiveCfg = Ad-Hoc|iPhone
		{014138C6-8396-460C-8D8C-5FCEB5FD83E5}.Ad-Hoc|iPhoneSimulator.Build.0 = Ad-Hoc|iPhone
		{014138C6-8396-460C-8D8C-5FCEB5FD83E5}.AppStore|iPhone.ActiveCfg = AppStore|iPhone
		{014138C6-8396-460C-8D8C-5FCEB5FD83E5}.AppStore|iPhone.Build.0 = AppStore|iPhone
		{014138C6-8396-460C-8D8C-5FCEB5FD83E5}.AppStore|iPhoneSimulator.ActiveCfg = Ad-Hoc|iPhone
		{014138C6-8396-460C-8D8C-5FCEB5FD83E5}.AppStore|iPhoneSimulator.Build.0 = Ad-Hoc|iPhone
		{014138C6-8396-460C-8D8C-5FCEB5FD83E5}.Debug|iPhone.ActiveCfg = Debug|iPhone
		{014138C6-8396-460C-8D8C-5FCEB5FD83E5}.Debug|iPhone.Build.0 = Debug|iPhone
		{014138C6-8396-460C-8D8C-5FCEB5FD83E5}.Debug|iPhoneSimulator.ActiveCfg = Debug|iPhoneSimulator
		{014138C6-8396-460C-8D8C-5FCEB5FD83E5}.Debug|iPhoneSimulator.Build.0 = Debug|iPhoneSimulator
		{014138C6-8396-460C-8D8C-5FCEB5FD83E5}.Release|iPhone.ActiveCfg = Release|iPhone
		{014138C6-8396-460C-8D8C-5FCEB5FD83E5}.Release|iPhone.Build.0 = Release|iPhone
		{014138C6-8396-460C-8D8C-5FCEB5FD83E5}.Release|iPhoneSimulator.ActiveCfg = Release|iPhoneSimulator
		{014138C6-8396-460C-8D8C-5FCEB5FD83E5}.Release|iPhoneSimulator.Build.0 = Release|iPhoneSimulator
		{36B3E8FB-1C45-4EB6-9D5F-11A034FE1A64}.Ad-Hoc|iPhone.ActiveCfg = Ad-Hoc|iPhone
		{36B3E8FB-1C45-4EB6-9D5F-11A034FE1A64}.Ad-Hoc|iPhone.Build.0 = Ad-Hoc|iPhone
		{36B3E8FB-1C45-4EB6-9D5F-11A034FE1A64}.Ad-Hoc|iPhoneSimulator.ActiveCfg = Ad-Hoc|iPhone
		{36B3E8FB-1C45-4EB6-9D5F-11A034FE1A64}.Ad-Hoc|iPhoneSimulator.Build.0 = Ad-Hoc|iPhone
		{36B3E8FB-1C45-4EB6-9D5F-11A034FE1A64}.AppStore|iPhone.ActiveCfg = AppStore|iPhone
		{36B3E8FB-1C45-4EB6-9D5F-11A034FE1A64}.AppStore|iPhone.Build.0 = AppStore|iPhone
		{36B3E8FB-1C45-4EB6-9D5F-11A034FE1A64}.AppStore|iPhoneSimulator.ActiveCfg = Ad-Hoc|iPhone
		{36B3E8FB-1C45-4EB6-9D5F-11A034FE1A64}.AppStore|iPhoneSimulator.Build.0 = Ad-Hoc|iPhone
		{36B3E8FB-1C45-4EB6-9D5F-11A034FE1A64}.Debug|iPhone.ActiveCfg = Debug|iPhone
		{36B3E8FB-1C45-4EB6-9D5F-11A034FE1A64}.Debug|iPhone.Build.0 = Debug|iPhone
		{36B3E8FB-1C45-4EB6-9D5F-11A034FE1A64}.Debug|iPhoneSimulator.ActiveCfg = Debug|iPhoneSimulator
		{36B3E8FB-1C45-4EB6-9D5F-11A034FE1A64}.Debug|iPhoneSimulator.Build.0 = Debug|iPhoneSimulator
		{36B3E8FB-1C45-4EB6-9D5F-11A034FE1A64}.Release|iPhone.ActiveCfg = Release|iPhone
		{36B3E8FB-1C45-4EB6-9D5F-11A034FE1A64}.Release|iPhone.Build.0 = Release|iPhone
		{36B3E8FB-1C45-4EB6-9D5F-11A034FE1A64}.Release|iPhoneSimulator.ActiveCfg = Release|iPhoneSimulator
		{36B3E8FB-1C45-4EB6-9D5F-11A034FE1A64}.Release|iPhoneSimulator.Build.0 = Release|iPhoneSimulator
		{A54FA70B-5C19-4314-900D-D69B4E7E68C0}.Ad-Hoc|iPhone.ActiveCfg = Release|Any CPU
		{A54FA70B-5C19-4314-900D-D69B4E7E68C0}.Ad-Hoc|iPhone.Build.0 = Release|Any CPU
		{A54FA70B-5C19-4314-900D-D69B4E7E68C0}.Ad-Hoc|iPhoneSimulator.ActiveCfg = Release|Any CPU
		{A54FA70B-5C19-4314-900D-D69B4E7E68C0}.Ad-Hoc|iPhoneSimulator.Build.0 = Release|Any CPU
		{A54FA70B-5C19-4314-900D-D69B4E7E68C0}.AppStore|iPhone.ActiveCfg = Release|Any CPU
		{A54FA70B-5C19-4314-900D-D69B4E7E68C0}.AppStore|iPhone.Build.0 = Release|Any CPU
		{A54FA70B-5C19-4314-900D-D69B4E7E68C0}.AppStore|iPhoneSimulator.ActiveCfg = Release|Any CPU
		{A54FA70B-5C19-4314-900D-D69B4E7E68C0}.AppStore|iPhoneSimulator.Build.0 = Release|Any CPU
		{A54FA70B-5C19-4314-900D-D69B4E7E68C0}.Debug|iPhone.ActiveCfg = Debug|Any CPU
		{A54FA70B-5C19-4314-900D-D69B4E7E68C0}.Debug|iPhone.Build.0 = Debug|Any CPU
		{A54FA70B-5C19-4314-900D-D69B4E7E68C0}.Debug|iPhoneSimulator.ActiveCfg = Debug|Any CPU
		{A54FA70B-5C19-4314-900D-D69B4E7E68C0}.Debug|iPhoneSimulator.Build.0 = Debug|Any CPU
		{A54FA70B-5C19-4314-900D-D69B4E7E68C0}.Release|iPhone.ActiveCfg = Release|Any CPU
		{A54FA70B-5C19-4314-900D-D69B4E7E68C0}.Release|iPhone.Build.0 = Release|Any CPU
		{A54FA70B-5C19-4314-900D-D69B4E7E68C0}.Release|iPhoneSimulator.ActiveCfg = Release|Any CPU
		{A54FA70B-5C19-4314-900D-D69B4E7E68C0}.Release|iPhoneSimulator.Build.0 = Release|Any CPU
		{C3EAB075-1ACC-4641-A0BF-C75F5D6CF99B}.Ad-Hoc|iPhone.ActiveCfg = Release|Any CPU
		{C3EAB075-1ACC-4641-A0BF-C75F5D6CF99B}.Ad-Hoc|iPhone.Build.0 = Release|Any CPU
		{C3EAB075-1ACC-4641-A0BF-C75F5D6CF99B}.Ad-Hoc|iPhoneSimulator.ActiveCfg = Release|Any CPU
		{C3EAB075-1ACC-4641-A0BF-C75F5D6CF99B}.Ad-Hoc|iPhoneSimulator.Build.0 = Release|Any CPU
		{C3EAB075-1ACC-4641-A0BF-C75F5D6CF99B}.AppStore|iPhone.ActiveCfg = Release|Any CPU
		{C3EAB075-1ACC-4641-A0BF-C75F5D6CF99B}.AppStore|iPhone.Build.0 = Release|Any CPU
		{C3EAB075-1ACC-4641-A0BF-C75F5D6CF99B}.AppStore|iPhoneSimulator.ActiveCfg = Release|Any CPU
		{C3EAB075-1ACC-4641-A0BF-C75F5D6CF99B}.AppStore|iPhoneSimulator.Build.0 = Release|Any CPU
		{C3EAB075-1ACC-4641-A0BF-C75F5D6CF99B}.Debug|iPhone.ActiveCfg = Debug|Any CPU
		{C3EAB075-1ACC-4641-A0BF-C75F5D6CF99B}.Debug|iPhone.Build.0 = Debug|Any CPU
		{C3EAB075-1ACC-4641-A0BF-C75F5D6CF99B}.Debug|iPhoneSimulator.ActiveCfg = Debug|Any CPU
		{C3EAB075-1ACC-4641-A0BF-C75F5D6CF99B}.Debug|iPhoneSimulator.Build.0 = Debug|Any CPU
		{C3EAB075-1ACC-4641-A0BF-C75F5D6CF99B}.Release|iPhone.ActiveCfg = Release|Any CPU
		{C3EAB075-1ACC-4641-A0BF-C75F5D6CF99B}.Release|iPhone.Build.0 = Release|Any CPU
		{C3EAB075-1ACC-4641-A0BF-C75F5D6CF99B}.Release|iPhoneSimulator.ActiveCfg = Release|Any CPU
		{C3EAB075-1ACC-4641-A0BF-C75F5D6CF99B}.Release|iPhoneSimulator.Build.0 = Release|Any CPU
	EndGlobalSection
	GlobalSection(NestedProjects) = preSolution
		{8007ADBC-4501-447F-BE99-E628A481BB3F} = {A26091BC-17A1-4770-AD1C-8B2EB2F04FF8}
		{8A52A2A6-20A1-42BD-B586-242F77089B1D} = {401EE823-ED79-453F-B39D-6CE07492C811}
		{014138C6-8396-460C-8D8C-5FCEB5FD83E5} = {401EE823-ED79-453F-B39D-6CE07492C811}
		{2B6EF2C4-3AE1-414B-8833-3A0D25A0AFB0} = {E0E03E8E-2782-4217-9146-5A706CB30487}
		{36B3E8FB-1C45-4EB6-9D5F-11A034FE1A64} = {E0E03E8E-2782-4217-9146-5A706CB30487}
		{A435C46E-4A3D-454D-8E84-720FF9456CAD} = {A26091BC-17A1-4770-AD1C-8B2EB2F04FF8}
		{A54FA70B-5C19-4314-900D-D69B4E7E68C0} = {A26091BC-17A1-4770-AD1C-8B2EB2F04FF8}
		{C3EAB075-1ACC-4641-A0BF-C75F5D6CF99B} = {A26091BC-17A1-4770-AD1C-8B2EB2F04FF8}
	EndGlobalSection
	GlobalSection(SolutionProperties) = preSolution
		HideSolutionNode = FALSE
	EndGlobalSection
EndGlobal
