
Microsoft Visual Studio Solution File, Format Version 12.00
# Visual Studio 15
VisualStudioVersion = 15.0.26206.0
MinimumVisualStudioVersion = 10.0.40219.1
Project("{FAE04EC0-301F-11D3-BF4B-00C04F79EFBC}") = "Sitecore.MobileSDK", "..\lib\SitecoreMobileSDK-PCL\Sitecore.MobileSDK.csproj", "{D247D253-0923-4541-90B5-0F5E6304C33F}"
EndProject
Project("{FAE04EC0-301F-11D3-BF4B-00C04F79EFBC}") = "WhiteLabel-iOS-UnifiedMigrated", "..\app\WhiteLabel\iOS\WhiteLabel-iOS-UnifiedMigrated\WhiteLabel-iOS-UnifiedMigrated.csproj", "{50EA2C35-2DB9-4EF8-8E24-2D19F9A09EB7}"
EndProject
Global
	GlobalSection(SolutionConfigurationPlatforms) = preSolution
		Ad-Hoc|iPhone = Ad-Hoc|iPhone
		Ad-Hoc|iPhoneSimulator = Ad-Hoc|iPhoneSimulator
		AppStore|iPhone = AppStore|iPhone
		AppStore|iPhoneSimulator = AppStore|iPhoneSimulator
		Debug|iPhone = Debug|iPhone
		Debug|iPhoneSimulator = Debug|iPhoneSimulator
		Release|iPhone = Release|iPhone
		Release|iPhoneSimulator = Release|iPhoneSimulator
	EndGlobalSection
	GlobalSection(ProjectConfigurationPlatforms) = postSolution
		{D247D253-0923-4541-90B5-0F5E6304C33F}.Ad-Hoc|iPhone.ActiveCfg = Release|Any CPU
		{D247D253-0923-4541-90B5-0F5E6304C33F}.Ad-Hoc|iPhone.Build.0 = Release|Any CPU
		{D247D253-0923-4541-90B5-0F5E6304C33F}.Ad-Hoc|iPhoneSimulator.ActiveCfg = Debug|Any CPU
		{D247D253-0923-4541-90B5-0F5E6304C33F}.Ad-Hoc|iPhoneSimulator.Build.0 = Debug|Any CPU
		{D247D253-0923-4541-90B5-0F5E6304C33F}.AppStore|iPhone.ActiveCfg = Release|Any CPU
		{D247D253-0923-4541-90B5-0F5E6304C33F}.AppStore|iPhone.Build.0 = Release|Any CPU
		{D247D253-0923-4541-90B5-0F5E6304C33F}.AppStore|iPhoneSimulator.ActiveCfg = Debug|Any CPU
		{D247D253-0923-4541-90B5-0F5E6304C33F}.AppStore|iPhoneSimulator.Build.0 = Debug|Any CPU
		{D247D253-0923-4541-90B5-0F5E6304C33F}.Debug|iPhone.ActiveCfg = Debug|Any CPU
		{D247D253-0923-4541-90B5-0F5E6304C33F}.Debug|iPhone.Build.0 = Debug|Any CPU
		{D247D253-0923-4541-90B5-0F5E6304C33F}.Debug|iPhoneSimulator.ActiveCfg = Debug|Any CPU
		{D247D253-0923-4541-90B5-0F5E6304C33F}.Debug|iPhoneSimulator.Build.0 = Debug|Any CPU
		{D247D253-0923-4541-90B5-0F5E6304C33F}.Release|iPhone.ActiveCfg = Release|Any CPU
		{D247D253-0923-4541-90B5-0F5E6304C33F}.Release|iPhone.Build.0 = Release|Any CPU
		{D247D253-0923-4541-90B5-0F5E6304C33F}.Release|iPhoneSimulator.ActiveCfg = Release|Any CPU
		{D247D253-0923-4541-90B5-0F5E6304C33F}.Release|iPhoneSimulator.Build.0 = Release|Any CPU
		{50EA2C35-2DB9-4EF8-8E24-2D19F9A09EB7}.Ad-Hoc|iPhone.ActiveCfg = Ad-Hoc|iPhone
		{50EA2C35-2DB9-4EF8-8E24-2D19F9A09EB7}.Ad-Hoc|iPhone.Build.0 = Ad-Hoc|iPhone
		{50EA2C35-2DB9-4EF8-8E24-2D19F9A09EB7}.Ad-Hoc|iPhoneSimulator.ActiveCfg = Ad-Hoc|iPhoneSimulator
		{50EA2C35-2DB9-4EF8-8E24-2D19F9A09EB7}.Ad-Hoc|iPhoneSimulator.Build.0 = Ad-Hoc|iPhoneSimulator
		{50EA2C35-2DB9-4EF8-8E24-2D19F9A09EB7}.AppStore|iPhone.ActiveCfg = AppStore|iPhone
		{50EA2C35-2DB9-4EF8-8E24-2D19F9A09EB7}.AppStore|iPhone.Build.0 = AppStore|iPhone
		{50EA2C35-2DB9-4EF8-8E24-2D19F9A09EB7}.AppStore|iPhoneSimulator.ActiveCfg = AppStore|iPhoneSimulator
		{50EA2C35-2DB9-4EF8-8E24-2D19F9A09EB7}.AppStore|iPhoneSimulator.Build.0 = AppStore|iPhoneSimulator
		{50EA2C35-2DB9-4EF8-8E24-2D19F9A09EB7}.Debug|iPhone.ActiveCfg = Debug|iPhone
		{50EA2C35-2DB9-4EF8-8E24-2D19F9A09EB7}.Debug|iPhone.Build.0 = Debug|iPhone
		{50EA2C35-2DB9-4EF8-8E24-2D19F9A09EB7}.Debug|iPhoneSimulator.ActiveCfg = Debug|iPhoneSimulator
		{50EA2C35-2DB9-4EF8-8E24-2D19F9A09EB7}.Debug|iPhoneSimulator.Build.0 = Debug|iPhoneSimulator
		{50EA2C35-2DB9-4EF8-8E24-2D19F9A09EB7}.Release|iPhone.ActiveCfg = Release|iPhone
		{50EA2C35-2DB9-4EF8-8E24-2D19F9A09EB7}.Release|iPhone.Build.0 = Release|iPhone
		{50EA2C35-2DB9-4EF8-8E24-2D19F9A09EB7}.Release|iPhoneSimulator.ActiveCfg = Release|iPhoneSimulator
		{50EA2C35-2DB9-4EF8-8E24-2D19F9A09EB7}.Release|iPhoneSimulator.Build.0 = Release|iPhoneSimulator
	EndGlobalSection
	GlobalSection(SolutionProperties) = preSolution
		HideSolutionNode = FALSE
	EndGlobalSection
	GlobalSection(MonoDevelopProperties) = preSolution
		StartupItem = ..\app\WhiteLabel\iOS\WhiteLabel-iOS-Unified\WhiteLabel-iOS-Unified.csproj
		Policies = $0
		$0.DotNetNamingPolicy = $1
		$1.DirectoryNamespaceAssociation = None
		$1.ResourceNamePolicy = FileFormatDefault
	EndGlobalSection
EndGlobal
